
Microsoft Visual Studio Solution File, Format Version 12.00
# Visual Studio 2015
Project("{FAE04EC0-301F-11D3-BF4B-00C04F79EFBC}") = "Theory of machine's evolution", "Theory of machine's evolution.csproj", "{89C472F8-410D-FC8C-390B-25BB6E040A33}"
EndProject
Global
	GlobalSection(SolutionConfigurationPlatforms) = preSolution
		Debug|Any CPU = Debug|Any CPU
		Release|Any CPU = Release|Any CPU
	EndGlobalSection
	GlobalSection(ProjectConfigurationPlatforms) = postSolution
		{89C472F8-410D-FC8C-390B-25BB6E040A33}.Debug|Any CPU.ActiveCfg = Debug|Any CPU
		{89C472F8-410D-FC8C-390B-25BB6E040A33}.Debug|Any CPU.Build.0 = Debug|Any CPU
		{89C472F8-410D-FC8C-390B-25BB6E040A33}.Release|Any CPU.ActiveCfg = Release|Any CPU
		{89C472F8-410D-FC8C-390B-25BB6E040A33}.Release|Any CPU.Build.0 = Release|Any CPU
	EndGlobalSection
	GlobalSection(SolutionProperties) = preSolution
		HideSolutionNode = FALSE
	EndGlobalSection
EndGlobal
